
Microsoft Visual Studio Solution File, Format Version 12.00
# Visual Studio Version 16
VisualStudioVersion = 16.0.30104.148
MinimumVisualStudioVersion = 10.0.40219.1
Project("{FAE04EC0-301F-11D3-BF4B-00C04F79EFBC}") = "NetCoreSeriLogging", "src\NetCoreSeriLogging\NetCoreSeriLogging.csproj", "{3E70A35B-76CF-4C2A-AC14-159C1B35DA85}"
EndProject
Global
	GlobalSection(SolutionConfigurationPlatforms) = preSolution
		Debug|Any CPU = Debug|Any CPU
		Release|Any CPU = Release|Any CPU
	EndGlobalSection
	GlobalSection(ProjectConfigurationPlatforms) = postSolution
		{3E70A35B-76CF-4C2A-AC14-159C1B35DA85}.Debug|Any CPU.ActiveCfg = Debug|Any CPU
		{3E70A35B-76CF-4C2A-AC14-159C1B35DA85}.Debug|Any CPU.Build.0 = Debug|Any CPU
		{3E70A35B-76CF-4C2A-AC14-159C1B35DA85}.Release|Any CPU.ActiveCfg = Release|Any CPU
		{3E70A35B-76CF-4C2A-AC14-159C1B35DA85}.Release|Any CPU.Build.0 = Release|Any CPU
	EndGlobalSection
	GlobalSection(SolutionProperties) = preSolution
		HideSolutionNode = FALSE
	EndGlobalSection
	GlobalSection(ExtensibilityGlobals) = postSolution
		SolutionGuid = {FD415CBA-D4E4-43A7-BA59-3CFA1E08B9E4}
	EndGlobalSection
EndGlobal
